// !$*UTF8*$!
{
	archiveVersion = 1;
	classes = {
	};
	objectVersion = 77;
	objects = {

/* Begin PBXBuildFile section */
		0C269B59DB0AD928393F514F /* JugnuApp.swift in Sources */ = {isa = PBXBuildFile; fileRef = EFC6769799C763B68AB9458E /* JugnuApp.swift */; };
		2EF413B28BA833B1BA5D290B /* PrefsView.swift in Sources */ = {isa = PBXBuildFile; fileRef = 8F65D4A1078835B0D1646C28 /* PrefsView.swift */; };
		548EE8613579A3EE86FFEA1F /* BrowseCatalogViewModel.swift in Sources */ = {isa = PBXBuildFile; fileRef = 4E828A6B867A511A83ECEBC3 /* BrowseCatalogViewModel.swift */; };
		A1EBD9F94A85D7D3946C0860 /* Assets.xcassets in Resources */ = {isa = PBXBuildFile; fileRef = EF23787A5713452BFF2A17F8 /* Assets.xcassets */; };
		AC65EF4AD2F34CBB13F2E6F9 /* HotKey in Frameworks */ = {isa = PBXBuildFile; productRef = 7EEF6C210640E38020837ACD /* HotKey */; };
		AD78C530AE4729B3D27FE654 /* AppModel.swift in Sources */ = {isa = PBXBuildFile; fileRef = D3D00E1FEF0969F288E08FF6 /* AppModel.swift */; };
		CF46D9EC5366F66E608B763D /* MenuBarController.swift in Sources */ = {isa = PBXBuildFile; fileRef = BE92CF58DD3BE972D2AEC8CB /* MenuBarController.swift */; };
		CFFE550ED2B1ABABCBF8B52D /* HotkeyController.swift in Sources */ = {isa = PBXBuildFile; fileRef = 278F0380D93A6EEE31AD2C2F /* HotkeyController.swift */; };
		D075254A62556C0A795B0DAB /* AddonUninstallPresenter.swift in Sources */ = {isa = PBXBuildFile; fileRef = A7827A8A356F9392C623B554 /* AddonUninstallPresenter.swift */; };
		D3584E6337F9B4D089C8193E /* JugnuCore in Frameworks */ = {isa = PBXBuildFile; productRef = 24FB2BFFCBA284CE5BC001B6 /* JugnuCore */; };
		D46018A13E56874B0C944D88 /* JugnuUI in Frameworks */ = {isa = PBXBuildFile; productRef = 5EA3A420B1701DCC99B5E95F /* JugnuUI */; };
		EF0699E4A55CD1F769DD87CA /* SpikeTest.swift in Sources */ = {isa = PBXBuildFile; fileRef = AA8FC0D37D8BAF5D97554D37 /* SpikeTest.swift */; };
		F8BD7FCD72AE22D31DA008F7 /* FirstRunWindow.swift in Sources */ = {isa = PBXBuildFile; fileRef = 5E983F2778775352830C719C /* FirstRunWindow.swift */; };
/* End PBXBuildFile section */

/* Begin PBXContainerItemProxy section */
		7001DC100FFE09536103762A /* PBXContainerItemProxy */ = {
			isa = PBXContainerItemProxy;
			containerPortal = D00F25E2356E6333CFE8B744 /* Project object */;
			proxyType = 1;
			remoteGlobalIDString = AC8E84B6A1740214913C2336;
			remoteInfo = Jugnu;
		};
/* End PBXContainerItemProxy section */

/* Begin PBXFileReference section */
		270E0874AB20E0EB3A96CB16 /* ScreenshotTests.xctest */ = {isa = PBXFileReference; explicitFileType = wrapper.cfbundle; includeInIndex = 0; path = ScreenshotTests.xctest; sourceTree = BUILT_PRODUCTS_DIR; };
		278F0380D93A6EEE31AD2C2F /* HotkeyController.swift */ = {isa = PBXFileReference; lastKnownFileType = sourcecode.swift; path = HotkeyController.swift; sourceTree = "<group>"; };
		4E828A6B867A511A83ECEBC3 /* BrowseCatalogViewModel.swift */ = {isa = PBXFileReference; lastKnownFileType = sourcecode.swift; path = BrowseCatalogViewModel.swift; sourceTree = "<group>"; };
		5E983F2778775352830C719C /* FirstRunWindow.swift */ = {isa = PBXFileReference; lastKnownFileType = sourcecode.swift; path = FirstRunWindow.swift; sourceTree = "<group>"; };
		8F65D4A1078835B0D1646C28 /* PrefsView.swift */ = {isa = PBXFileReference; lastKnownFileType = sourcecode.swift; path = PrefsView.swift; sourceTree = "<group>"; };
		A7827A8A356F9392C623B554 /* AddonUninstallPresenter.swift */ = {isa = PBXFileReference; lastKnownFileType = sourcecode.swift; path = AddonUninstallPresenter.swift; sourceTree = "<group>"; };
		AA8FC0D37D8BAF5D97554D37 /* SpikeTest.swift */ = {isa = PBXFileReference; lastKnownFileType = sourcecode.swift; path = SpikeTest.swift; sourceTree = "<group>"; };
		BE92CF58DD3BE972D2AEC8CB /* MenuBarController.swift */ = {isa = PBXFileReference; lastKnownFileType = sourcecode.swift; path = MenuBarController.swift; sourceTree = "<group>"; };
		C5935023FD7BC462A1C14B9A /* shell */ = {isa = PBXFileReference; lastKnownFileType = folder; name = shell; path = .; sourceTree = SOURCE_ROOT; };
		C92B9A72BEBE9AA2C83556D4 /* Jugnu.app */ = {isa = PBXFileReference; explicitFileType = wrapper.application; includeInIndex = 0; path = Jugnu.app; sourceTree = BUILT_PRODUCTS_DIR; };
		D3D00E1FEF0969F288E08FF6 /* AppModel.swift */ = {isa = PBXFileReference; lastKnownFileType = sourcecode.swift; path = AppModel.swift; sourceTree = "<group>"; };
		EF23787A5713452BFF2A17F8 /* Assets.xcassets */ = {isa = PBXFileReference; lastKnownFileType = folder.assetcatalog; path = Assets.xcassets; sourceTree = "<group>"; };
		EFC6769799C763B68AB9458E /* JugnuApp.swift */ = {isa = PBXFileReference; lastKnownFileType = sourcecode.swift; path = JugnuApp.swift; sourceTree = "<group>"; };
/* End PBXFileReference section */

/* Begin PBXFrameworksBuildPhase section */
		3DAF7F5C38AD3211ED1375A4 /* Frameworks */ = {
			isa = PBXFrameworksBuildPhase;
			buildActionMask = 2147483647;
			files = (
				D3584E6337F9B4D089C8193E /* JugnuCore in Frameworks */,
				D46018A13E56874B0C944D88 /* JugnuUI in Frameworks */,
				AC65EF4AD2F34CBB13F2E6F9 /* HotKey in Frameworks */,
			);
			runOnlyForDeploymentPostprocessing = 0;
		};
/* End PBXFrameworksBuildPhase section */

/* Begin PBXGroup section */
		9E29639983CEE27F74846C07 /* ScreenshotTests */ = {
			isa = PBXGroup;
			children = (
				AA8FC0D37D8BAF5D97554D37 /* SpikeTest.swift */,
			);
			path = ScreenshotTests;
			sourceTree = "<group>";
		};
		B6ED08B0E37EE61AACFA1B60 /* Packages */ = {
			isa = PBXGroup;
			children = (
				C5935023FD7BC462A1C14B9A /* shell */,
			);
			name = Packages;
			sourceTree = "<group>";
		};
		E3FCC502ECCD11B845A6D16F /* Products */ = {
			isa = PBXGroup;
			children = (
				C92B9A72BEBE9AA2C83556D4 /* Jugnu.app */,
				270E0874AB20E0EB3A96CB16 /* ScreenshotTests.xctest */,
			);
			name = Products;
			sourceTree = "<group>";
		};
		F57367362B9A9A9EFD13E750 /* App */ = {
			isa = PBXGroup;
			children = (
				A7827A8A356F9392C623B554 /* AddonUninstallPresenter.swift */,
				D3D00E1FEF0969F288E08FF6 /* AppModel.swift */,
				EF23787A5713452BFF2A17F8 /* Assets.xcassets */,
				4E828A6B867A511A83ECEBC3 /* BrowseCatalogViewModel.swift */,
				5E983F2778775352830C719C /* FirstRunWindow.swift */,
				278F0380D93A6EEE31AD2C2F /* HotkeyController.swift */,
				EFC6769799C763B68AB9458E /* JugnuApp.swift */,
				BE92CF58DD3BE972D2AEC8CB /* MenuBarController.swift */,
				8F65D4A1078835B0D1646C28 /* PrefsView.swift */,
			);
			path = App;
			sourceTree = "<group>";
		};
		F882D9721D596D8A438F96BC = {
			isa = PBXGroup;
			children = (
				F57367362B9A9A9EFD13E750 /* App */,
				B6ED08B0E37EE61AACFA1B60 /* Packages */,
				9E29639983CEE27F74846C07 /* ScreenshotTests */,
				E3FCC502ECCD11B845A6D16F /* Products */,
			);
			sourceTree = "<group>";
		};
/* End PBXGroup section */

/* Begin PBXNativeTarget section */
		36F32137FE043B38C0083899 /* ScreenshotTests */ = {
			isa = PBXNativeTarget;
			buildConfigurationList = A2BEA390BA26B174EB185A7D /* Build configuration list for PBXNativeTarget "ScreenshotTests" */;
			buildPhases = (
				6DEA57429D558E0C8AED8FCB /* Sources */,
			);
			buildRules = (
			);
			dependencies = (
				69A9AD49B6D10852B8A54666 /* PBXTargetDependency */,
			);
			name = ScreenshotTests;
			packageProductDependencies = (
			);
			productName = ScreenshotTests;
			productReference = 270E0874AB20E0EB3A96CB16 /* ScreenshotTests.xctest */;
			productType = "com.apple.product-type.bundle.ui-testing";
		};
		AC8E84B6A1740214913C2336 /* Jugnu */ = {
			isa = PBXNativeTarget;
			buildConfigurationList = DBD0A392E9FF0E3B2CDC9949 /* Build configuration list for PBXNativeTarget "Jugnu" */;
			buildPhases = (
				F75565085121D698824784C3 /* Sources */,
				EFE7B3E41F662D1BC8D4FEAD /* Resources */,
				3DAF7F5C38AD3211ED1375A4 /* Frameworks */,
			);
			buildRules = (
			);
			dependencies = (
			);
			name = Jugnu;
			packageProductDependencies = (
				24FB2BFFCBA284CE5BC001B6 /* JugnuCore */,
				5EA3A420B1701DCC99B5E95F /* JugnuUI */,
				7EEF6C210640E38020837ACD /* HotKey */,
			);
			productName = Jugnu;
			productReference = C92B9A72BEBE9AA2C83556D4 /* Jugnu.app */;
			productType = "com.apple.product-type.application";
		};
/* End PBXNativeTarget section */

/* Begin PBXProject section */
		D00F25E2356E6333CFE8B744 /* Project object */ = {
			isa = PBXProject;
			attributes = {
				BuildIndependentTargetsInParallel = YES;
				LastUpgradeCheck = 1430;
				TargetAttributes = {
					36F32137FE043B38C0083899 = {
						TestTargetID = AC8E84B6A1740214913C2336;
					};
				};
			};
			buildConfigurationList = B241950593C153E7FBD46BFB /* Build configuration list for PBXProject "Jugnu" */;
			developmentRegion = en;
			hasScannedForEncodings = 0;
			knownRegions = (
				Base,
				en,
			);
			mainGroup = F882D9721D596D8A438F96BC;
			minimizedProjectReferenceProxies = 1;
			packageReferences = (
				EF1F612EAE3507A63461EB06 /* XCRemoteSwiftPackageReference "HotKey" */,
				F8219C418D1CDD24128DABA8 /* XCLocalSwiftPackageReference "." */,
			);
			preferredProjectObjectVersion = 77;
			productRefGroup = E3FCC502ECCD11B845A6D16F /* Products */;
			projectDirPath = "";
			projectRoot = "";
			targets = (
				AC8E84B6A1740214913C2336 /* Jugnu */,
				36F32137FE043B38C0083899 /* ScreenshotTests */,
			);
		};
/* End PBXProject section */

/* Begin PBXResourcesBuildPhase section */
		EFE7B3E41F662D1BC8D4FEAD /* Resources */ = {
			isa = PBXResourcesBuildPhase;
			buildActionMask = 2147483647;
			files = (
				A1EBD9F94A85D7D3946C0860 /* Assets.xcassets in Resources */,
			);
			runOnlyForDeploymentPostprocessing = 0;
		};
/* End PBXResourcesBuildPhase section */

/* Begin PBXSourcesBuildPhase section */
		6DEA57429D558E0C8AED8FCB /* Sources */ = {
			isa = PBXSourcesBuildPhase;
			buildActionMask = 2147483647;
			files = (
				EF0699E4A55CD1F769DD87CA /* SpikeTest.swift in Sources */,
			);
			runOnlyForDeploymentPostprocessing = 0;
		};
		F75565085121D698824784C3 /* Sources */ = {
			isa = PBXSourcesBuildPhase;
			buildActionMask = 2147483647;
			files = (
				D075254A62556C0A795B0DAB /* AddonUninstallPresenter.swift in Sources */,
				AD78C530AE4729B3D27FE654 /* AppModel.swift in Sources */,
				548EE8613579A3EE86FFEA1F /* BrowseCatalogViewModel.swift in Sources */,
				F8BD7FCD72AE22D31DA008F7 /* FirstRunWindow.swift in Sources */,
				CFFE550ED2B1ABABCBF8B52D /* HotkeyController.swift in Sources */,
				0C269B59DB0AD928393F514F /* JugnuApp.swift in Sources */,
				CF46D9EC5366F66E608B763D /* MenuBarController.swift in Sources */,
				2EF413B28BA833B1BA5D290B /* PrefsView.swift in Sources */,
			);
			runOnlyForDeploymentPostprocessing = 0;
		};
/* End PBXSourcesBuildPhase section */

/* Begin PBXTargetDependency section */
		69A9AD49B6D10852B8A54666 /* PBXTargetDependency */ = {
			isa = PBXTargetDependency;
			target = AC8E84B6A1740214913C2336 /* Jugnu */;
			targetProxy = 7001DC100FFE09536103762A /* PBXContainerItemProxy */;
		};
/* End PBXTargetDependency section */

/* Begin XCBuildConfiguration section */
		61D07CE4A62E5F748D90902E /* Release */ = {
			isa = XCBuildConfiguration;
			buildSettings = {
				ASSETCATALOG_COMPILER_APPICON_NAME = AppIcon;
				CODE_SIGNING_ALLOWED = YES;
				CODE_SIGNING_REQUIRED = NO;
				CODE_SIGN_IDENTITY = "-";
				COMBINE_HIDPI_IMAGES = YES;
				CURRENT_PROJECT_VERSION = 1;
				ENABLE_HARDENED_RUNTIME = YES;
				GENERATE_INFOPLIST_FILE = NO;
				INFOPLIST_FILE = App/Info.plist;
				LD_RUNPATH_SEARCH_PATHS = (
					"$(inherited)",
					"@executable_path/../Frameworks",
				);
				MARKETING_VERSION = 0.1.0;
				PRODUCT_BUNDLE_IDENTIFIER = app.jugnu.shell;
				PRODUCT_NAME = Jugnu;
				SDKROOT = macosx;
			};
			name = Release;
		};
		6A52E3EBB83A8BC0F758D412 /* Release */ = {
			isa = XCBuildConfiguration;
			buildSettings = {
				BUNDLE_LOADER = "$(TEST_HOST)";
				COMBINE_HIDPI_IMAGES = YES;
				GENERATE_INFOPLIST_FILE = YES;
				LD_RUNPATH_SEARCH_PATHS = (
					"$(inherited)",
					"@executable_path/Frameworks",
					"@loader_path/Frameworks",
				);
				PRODUCT_BUNDLE_IDENTIFIER = "app.jugnu.screenshot-tests";
				SDKROOT = macosx;
				TEST_TARGET_NAME = Jugnu;
			};
			name = Release;
		};
		6FC66D0D578296FFDF058A85 /* Debug */ = {
			isa = XCBuildConfiguration;
			buildSettings = {
				ASSETCATALOG_COMPILER_APPICON_NAME = AppIcon;
				CODE_SIGNING_ALLOWED = YES;
				CODE_SIGNING_REQUIRED = NO;
				CODE_SIGN_IDENTITY = "-";
				COMBINE_HIDPI_IMAGES = YES;
				CURRENT_PROJECT_VERSION = 1;
				ENABLE_HARDENED_RUNTIME = YES;
				GENERATE_INFOPLIST_FILE = NO;
				INFOPLIST_FILE = App/Info.plist;
				LD_RUNPATH_SEARCH_PATHS = (
					"$(inherited)",
					"@executable_path/../Frameworks",
				);
				MARKETING_VERSION = 0.1.0;
				PRODUCT_BUNDLE_IDENTIFIER = app.jugnu.shell;
				PRODUCT_NAME = Jugnu;
				SDKROOT = macosx;
			};
			name = Debug;
		};
		AD686EC81F6633F169AADBA6 /* Debug */ = {
			isa = XCBuildConfiguration;
			buildSettings = {
				BUNDLE_LOADER = "$(TEST_HOST)";
				COMBINE_HIDPI_IMAGES = YES;
				GENERATE_INFOPLIST_FILE = YES;
				LD_RUNPATH_SEARCH_PATHS = (
					"$(inherited)",
					"@executable_path/Frameworks",
					"@loader_path/Frameworks",
				);
				PRODUCT_BUNDLE_IDENTIFIER = "app.jugnu.screenshot-tests";
				SDKROOT = macosx;
				TEST_TARGET_NAME = Jugnu;
			};
			name = Debug;
		};
		B8C365ED5B5313A88CE2924D /* Debug */ = {
			isa = XCBuildConfiguration;
			buildSettings = {
				ALWAYS_SEARCH_USER_PATHS = NO;
				BASE_SDK = macosx;
				CLANG_ANALYZER_NONNULL = YES;
				CLANG_ANALYZER_NUMBER_OBJECT_CONVERSION = YES_AGGRESSIVE;
				CLANG_CXX_LANGUAGE_STANDARD = "gnu++14";
				CLANG_CXX_LIBRARY = "libc++";
				CLANG_ENABLE_MODULES = YES;
				CLANG_ENABLE_OBJC_ARC = YES;
				CLANG_ENABLE_OBJC_WEAK = YES;
				CLANG_WARN_BLOCK_CAPTURE_AUTORELEASING = YES;
				CLANG_WARN_BOOL_CONVERSION = YES;
				CLANG_WARN_COMMA = YES;
				CLANG_WARN_CONSTANT_CONVERSION = YES;
				CLANG_WARN_DEPRECATED_OBJC_IMPLEMENTATIONS = YES;
				CLANG_WARN_DIRECT_OBJC_ISA_USAGE = YES_ERROR;
				CLANG_WARN_DOCUMENTATION_COMMENTS = YES;
				CLANG_WARN_EMPTY_BODY = YES;
				CLANG_WARN_ENUM_CONVERSION = YES;
				CLANG_WARN_INFINITE_RECURSION = YES;
				CLANG_WARN_INT_CONVERSION = YES;
				CLANG_WARN_NON_LITERAL_NULL_CONVERSION = YES;
				CLANG_WARN_OBJC_IMPLICIT_RETAIN_SELF = YES;
				CLANG_WARN_OBJC_LITERAL_CONVERSION = YES;
				CLANG_WARN_OBJC_ROOT_CLASS = YES_ERROR;
				CLANG_WARN_QUOTED_INCLUDE_IN_FRAMEWORK_HEADER = YES;
				CLANG_WARN_RANGE_LOOP_ANALYSIS = YES;
				CLANG_WARN_STRICT_PROTOTYPES = YES;
				CLANG_WARN_SUSPICIOUS_MOVE = YES;
				CLANG_WARN_UNGUARDED_AVAILABILITY = YES_AGGRESSIVE;
				CLANG_WARN_UNREACHABLE_CODE = YES;
				CLANG_WARN__DUPLICATE_METHOD_MATCH = YES;
				COPY_PHASE_STRIP = NO;
				DEBUG_INFORMATION_FORMAT = dwarf;
				ENABLE_STRICT_OBJC_MSGSEND = YES;
				ENABLE_TESTABILITY = YES;
				GCC_C_LANGUAGE_STANDARD = gnu11;
				GCC_DYNAMIC_NO_PIC = NO;
				GCC_NO_COMMON_BLOCKS = YES;
				GCC_OPTIMIZATION_LEVEL = 0;
				GCC_PREPROCESSOR_DEFINITIONS = (
					"$(inherited)",
					"DEBUG=1",
				);
				GCC_WARN_64_TO_32_BIT_CONVERSION = YES;
				GCC_WARN_ABOUT_RETURN_TYPE = YES_ERROR;
				GCC_WARN_UNDECLARED_SELECTOR = YES;
				GCC_WARN_UNINITIALIZED_AUTOS = YES_AGGRESSIVE;
				GCC_WARN_UNUSED_FUNCTION = YES;
				GCC_WARN_UNUSED_VARIABLE = YES;
				MACOSX_DEPLOYMENT_TARGET = 14.0;
				MTL_ENABLE_DEBUG_INFO = INCLUDE_SOURCE;
				MTL_FAST_MATH = YES;
				ONLY_ACTIVE_ARCH = YES;
				PRODUCT_NAME = "$(TARGET_NAME)";
				SDKROOT = macosx;
				SWIFT_ACTIVE_COMPILATION_CONDITIONS = DEBUG;
				SWIFT_OPTIMIZATION_LEVEL = "-Onone";
				SWIFT_VERSION = 5.9;
			};
			name = Debug;
		};
		C24F1ED13DB606C4CFBDE66E /* Release */ = {
			isa = XCBuildConfiguration;
			buildSettings = {
				ALWAYS_SEARCH_USER_PATHS = NO;
				BASE_SDK = macosx;
				CLANG_ANALYZER_NONNULL = YES;
				CLANG_ANALYZER_NUMBER_OBJECT_CONVERSION = YES_AGGRESSIVE;
				CLANG_CXX_LANGUAGE_STANDARD = "gnu++14";
				CLANG_CXX_LIBRARY = "libc++";
				CLANG_ENABLE_MODULES = YES;
				CLANG_ENABLE_OBJC_ARC = YES;
				CLANG_ENABLE_OBJC_WEAK = YES;
				CLANG_WARN_BLOCK_CAPTURE_AUTORELEASING = YES;
				CLANG_WARN_BOOL_CONVERSION = YES;
				CLANG_WARN_COMMA = YES;
				CLANG_WARN_CONSTANT_CONVERSION = YES;
				CLANG_WARN_DEPRECATED_OBJC_IMPLEMENTATIONS = YES;
				CLANG_WARN_DIRECT_OBJC_ISA_USAGE = YES_ERROR;
				CLANG_WARN_DOCUMENTATION_COMMENTS = YES;
				CLANG_WARN_EMPTY_BODY = YES;
				CLANG_WARN_ENUM_CONVERSION = YES;
				CLANG_WARN_INFINITE_RECURSION = YES;
				CLANG_WARN_INT_CONVERSION = YES;
				CLANG_WARN_NON_LITERAL_NULL_CONVERSION = YES;
				CLANG_WARN_OBJC_IMPLICIT_RETAIN_SELF = YES;
				CLANG_WARN_OBJC_LITERAL_CONVERSION = YES;
				CLANG_WARN_OBJC_ROOT_CLASS = YES_ERROR;
				CLANG_WARN_QUOTED_INCLUDE_IN_FRAMEWORK_HEADER = YES;
				CLANG_WARN_RANGE_LOOP_ANALYSIS = YES;
				CLANG_WARN_STRICT_PROTOTYPES = YES;
				CLANG_WARN_SUSPICIOUS_MOVE = YES;
				CLANG_WARN_UNGUARDED_AVAILABILITY = YES_AGGRESSIVE;
				CLANG_WARN_UNREACHABLE_CODE = YES;
				CLANG_WARN__DUPLICATE_METHOD_MATCH = YES;
				COPY_PHASE_STRIP = NO;
				DEBUG_INFORMATION_FORMAT = "dwarf-with-dsym";
				ENABLE_NS_ASSERTIONS = NO;
				ENABLE_STRICT_OBJC_MSGSEND = YES;
				GCC_C_LANGUAGE_STANDARD = gnu11;
				GCC_NO_COMMON_BLOCKS = YES;
				GCC_WARN_64_TO_32_BIT_CONVERSION = YES;
				GCC_WARN_ABOUT_RETURN_TYPE = YES_ERROR;
				GCC_WARN_UNDECLARED_SELECTOR = YES;
				GCC_WARN_UNINITIALIZED_AUTOS = YES_AGGRESSIVE;
				GCC_WARN_UNUSED_FUNCTION = YES;
				GCC_WARN_UNUSED_VARIABLE = YES;
				MACOSX_DEPLOYMENT_TARGET = 14.0;
				MTL_ENABLE_DEBUG_INFO = NO;
				MTL_FAST_MATH = YES;
				PRODUCT_NAME = "$(TARGET_NAME)";
				SDKROOT = macosx;
				SWIFT_COMPILATION_MODE = wholemodule;
				SWIFT_OPTIMIZATION_LEVEL = "-O";
				SWIFT_VERSION = 5.9;
			};
			name = Release;
		};
/* End XCBuildConfiguration section */

/* Begin XCConfigurationList section */
		A2BEA390BA26B174EB185A7D /* Build configuration list for PBXNativeTarget "ScreenshotTests" */ = {
			isa = XCConfigurationList;
			buildConfigurations = (
				AD686EC81F6633F169AADBA6 /* Debug */,
				6A52E3EBB83A8BC0F758D412 /* Release */,
			);
			defaultConfigurationIsVisible = 0;
			defaultConfigurationName = Debug;
		};
		B241950593C153E7FBD46BFB /* Build configuration list for PBXProject "Jugnu" */ = {
			isa = XCConfigurationList;
			buildConfigurations = (
				B8C365ED5B5313A88CE2924D /* Debug */,
				C24F1ED13DB606C4CFBDE66E /* Release */,
			);
			defaultConfigurationIsVisible = 0;
			defaultConfigurationName = Debug;
		};
		DBD0A392E9FF0E3B2CDC9949 /* Build configuration list for PBXNativeTarget "Jugnu" */ = {
			isa = XCConfigurationList;
			buildConfigurations = (
				6FC66D0D578296FFDF058A85 /* Debug */,
				61D07CE4A62E5F748D90902E /* Release */,
			);
			defaultConfigurationIsVisible = 0;
			defaultConfigurationName = Debug;
		};
/* End XCConfigurationList section */

/* Begin XCLocalSwiftPackageReference section */
		F8219C418D1CDD24128DABA8 /* XCLocalSwiftPackageReference "." */ = {
			isa = XCLocalSwiftPackageReference;
			relativePath = .;
		};
/* End XCLocalSwiftPackageReference section */

/* Begin XCRemoteSwiftPackageReference section */
		EF1F612EAE3507A63461EB06 /* XCRemoteSwiftPackageReference "HotKey" */ = {
			isa = XCRemoteSwiftPackageReference;
			repositoryURL = "https://github.com/soffes/HotKey";
			requirement = {
				kind = upToNextMajorVersion;
				minimumVersion = 0.2.0;
			};
		};
/* End XCRemoteSwiftPackageReference section */

/* Begin XCSwiftPackageProductDependency section */
		24FB2BFFCBA284CE5BC001B6 /* JugnuCore */ = {
			isa = XCSwiftPackageProductDependency;
			productName = JugnuCore;
		};
		5EA3A420B1701DCC99B5E95F /* JugnuUI */ = {
			isa = XCSwiftPackageProductDependency;
			productName = JugnuUI;
		};
		7EEF6C210640E38020837ACD /* HotKey */ = {
			isa = XCSwiftPackageProductDependency;
			package = EF1F612EAE3507A63461EB06 /* XCRemoteSwiftPackageReference "HotKey" */;
			productName = HotKey;
		};
/* End XCSwiftPackageProductDependency section */
	};
	rootObject = D00F25E2356E6333CFE8B744 /* Project object */;
}
